// !$*UTF8*$!
{
	archiveVersion = 1;
	classes = {
	};
	objectVersion = 55;
	objects = {

/* Begin PBXBuildFile section */
		F8126601281A24EA0096CEB5 /* Main.storyboard in Resources */ = {isa = PBXBuildFile; fileRef = F8126600281A24E90096CEB5 /* Main.storyboard */; };
		F8126608281A26D20096CEB5 /* MovieViewController.swift in Sources */ = {isa = PBXBuildFile; fileRef = F8126607281A26D20096CEB5 /* MovieViewController.swift */; };
		F8D3ADCD281A1107006E2CEE /* AppDelegate.swift in Sources */ = {isa = PBXBuildFile; fileRef = F8D3ADCC281A1107006E2CEE /* AppDelegate.swift */; };
		F8D3ADCF281A1107006E2CEE /* SceneDelegate.swift in Sources */ = {isa = PBXBuildFile; fileRef = F8D3ADCE281A1107006E2CEE /* SceneDelegate.swift */; };
		F8D3ADD1281A1107006E2CEE /* ViewController.swift in Sources */ = {isa = PBXBuildFile; fileRef = F8D3ADD0281A1107006E2CEE /* ViewController.swift */; };
		F8D3ADD6281A1108006E2CEE /* Assets.xcassets in Resources */ = {isa = PBXBuildFile; fileRef = F8D3ADD5281A1108006E2CEE /* Assets.xcassets */; };
		F8D3ADD9281A1108006E2CEE /* LaunchScreen.storyboard in Resources */ = {isa = PBXBuildFile; fileRef = F8D3ADD7281A1108006E2CEE /* LaunchScreen.storyboard */; };
		F8D3ADE1281A114E006E2CEE /* Model.swift in Sources */ = {isa = PBXBuildFile; fileRef = F8D3ADE0281A114E006E2CEE /* Model.swift */; };
		F8D3ADE3281A12E6006E2CEE /* ApiService.swift in Sources */ = {isa = PBXBuildFile; fileRef = F8D3ADE2281A12E6006E2CEE /* ApiService.swift */; };
		F8D3ADE5281A17FD006E2CEE /* MovieViewModel.swift in Sources */ = {isa = PBXBuildFile; fileRef = F8D3ADE4281A17FD006E2CEE /* MovieViewModel.swift */; };
		F8D3ADE7281A208A006E2CEE /* MovieTableViewCell.swift in Sources */ = {isa = PBXBuildFile; fileRef = F8D3ADE6281A208A006E2CEE /* MovieTableViewCell.swift */; };
/* End PBXBuildFile section */

/* Begin PBXFileReference section */
		F8126600281A24E90096CEB5 /* Main.storyboard */ = {isa = PBXFileReference; fileEncoding = 4; lastKnownFileType = file.storyboard; path = Main.storyboard; sourceTree = "<group>"; };
		F8126607281A26D20096CEB5 /* MovieViewController.swift */ = {isa = PBXFileReference; lastKnownFileType = sourcecode.swift; path = MovieViewController.swift; sourceTree = "<group>"; };
		F8D3ADC9281A1107006E2CEE /* Swift-Code-Rest-API.app */ = {isa = PBXFileReference; explicitFileType = wrapper.application; includeInIndex = 0; path = "Swift-Code-Rest-API.app"; sourceTree = BUILT_PRODUCTS_DIR; };
		F8D3ADCC281A1107006E2CEE /* AppDelegate.swift */ = {isa = PBXFileReference; lastKnownFileType = sourcecode.swift; path = AppDelegate.swift; sourceTree = "<group>"; };
		F8D3ADCE281A1107006E2CEE /* SceneDelegate.swift */ = {isa = PBXFileReference; lastKnownFileType = sourcecode.swift; path = SceneDelegate.swift; sourceTree = "<group>"; };
		F8D3ADD0281A1107006E2CEE /* ViewController.swift */ = {isa = PBXFileReference; lastKnownFileType = sourcecode.swift; path = ViewController.swift; sourceTree = "<group>"; };
		F8D3ADD5281A1108006E2CEE /* Assets.xcassets */ = {isa = PBXFileReference; lastKnownFileType = folder.assetcatalog; path = Assets.xcassets; sourceTree = "<group>"; };
		F8D3ADD8281A1108006E2CEE /* Base */ = {isa = PBXFileReference; lastKnownFileType = file.storyboard; name = Base; path = Base.lproj/LaunchScreen.storyboard; sourceTree = "<group>"; };
		F8D3ADDA281A1108006E2CEE /* Info.plist */ = {isa = PBXFileReference; lastKnownFileType = text.plist.xml; path = Info.plist; sourceTree = "<group>"; };
		F8D3ADE0281A114E006E2CEE /* Model.swift */ = {isa = PBXFileReference; lastKnownFileType = sourcecode.swift; path = Model.swift; sourceTree = "<group>"; };
		F8D3ADE2281A12E6006E2CEE /* ApiService.swift */ = {isa = PBXFileReference; lastKnownFileType = sourcecode.swift; path = ApiService.swift; sourceTree = "<group>"; };
		F8D3ADE4281A17FD006E2CEE /* MovieViewModel.swift */ = {isa = PBXFileReference; lastKnownFileType = sourcecode.swift; path = MovieViewModel.swift; sourceTree = "<group>"; };
		F8D3ADE6281A208A006E2CEE /* MovieTableViewCell.swift */ = {isa = PBXFileReference; lastKnownFileType = sourcecode.swift; path = MovieTableViewCell.swift; sourceTree = "<group>"; };
/* End PBXFileReference section */

/* Begin PBXFrameworksBuildPhase section */
		F8D3ADC6281A1107006E2CEE /* Frameworks */ = {
			isa = PBXFrameworksBuildPhase;
			buildActionMask = 2147483647;
			files = (
			);
			runOnlyForDeploymentPostprocessing = 0;
		};
/* End PBXFrameworksBuildPhase section */

/* Begin PBXGroup section */
		F8126602281A25C40096CEB5 /* ViewModel */ = {
			isa = PBXGroup;
			children = (
				F8D3ADE4281A17FD006E2CEE /* MovieViewModel.swift */,
			);
			path = ViewModel;
			sourceTree = "<group>";
		};
		F8126603281A25CF0096CEB5 /* View */ = {
			isa = PBXGroup;
			children = (
				F8D3ADE6281A208A006E2CEE /* MovieTableViewCell.swift */,
				F8126600281A24E90096CEB5 /* Main.storyboard */,
			);
			path = View;
			sourceTree = "<group>";
		};
		F8126604281A25DA0096CEB5 /* Networking */ = {
			isa = PBXGroup;
			children = (
				F8D3ADE2281A12E6006E2CEE /* ApiService.swift */,
			);
			path = Networking;
			sourceTree = "<group>";
		};
		F8126605281A25E90096CEB5 /* Model */ = {
			isa = PBXGroup;
			children = (
				F8D3ADE0281A114E006E2CEE /* Model.swift */,
			);
			path = Model;
			sourceTree = "<group>";
		};
		F8126606281A25F60096CEB5 /* Controller */ = {
			isa = PBXGroup;
			children = (
				F8126607281A26D20096CEB5 /* MovieViewController.swift */,
			);
			path = Controller;
			sourceTree = "<group>";
		};
		F8D3ADC0281A1107006E2CEE = {
			isa = PBXGroup;
			children = (
				F8D3ADCB281A1107006E2CEE /* Swift-Code-Rest-API */,
				F8D3ADCA281A1107006E2CEE /* Products */,
			);
			sourceTree = "<group>";
		};
		F8D3ADCA281A1107006E2CEE /* Products */ = {
			isa = PBXGroup;
			children = (
				F8D3ADC9281A1107006E2CEE /* Swift-Code-Rest-API.app */,
			);
			name = Products;
			sourceTree = "<group>";
		};
		F8D3ADCB281A1107006E2CEE /* Swift-Code-Rest-API */ = {
			isa = PBXGroup;
			children = (
				F8126606281A25F60096CEB5 /* Controller */,
				F8126605281A25E90096CEB5 /* Model */,
				F8126604281A25DA0096CEB5 /* Networking */,
				F8126603281A25CF0096CEB5 /* View */,
				F8126602281A25C40096CEB5 /* ViewModel */,
				F8D3ADCC281A1107006E2CEE /* AppDelegate.swift */,
				F8D3ADCE281A1107006E2CEE /* SceneDelegate.swift */,
				F8D3ADD0281A1107006E2CEE /* ViewController.swift */,
				F8D3ADD5281A1108006E2CEE /* Assets.xcassets */,
				F8D3ADD7281A1108006E2CEE /* LaunchScreen.storyboard */,
				F8D3ADDA281A1108006E2CEE /* Info.plist */,
			);
			path = "Swift-Code-Rest-API";
			sourceTree = "<group>";
		};
/* End PBXGroup section */

/* Begin PBXNativeTarget section */
		F8D3ADC8281A1107006E2CEE /* Swift-Code-Rest-API */ = {
			isa = PBXNativeTarget;
			buildConfigurationList = F8D3ADDD281A1108006E2CEE /* Build configuration list for PBXNativeTarget "Swift-Code-Rest-API" */;
			buildPhases = (
				F8D3ADC5281A1107006E2CEE /* Sources */,
				F8D3ADC6281A1107006E2CEE /* Frameworks */,
				F8D3ADC7281A1107006E2CEE /* Resources */,
			);
			buildRules = (
			);
			dependencies = (
			);
			name = "Swift-Code-Rest-API";
			productName = "Swift-Code-Rest-API";
			productReference = F8D3ADC9281A1107006E2CEE /* Swift-Code-Rest-API.app */;
			productType = "com.apple.product-type.application";
		};
/* End PBXNativeTarget section */

/* Begin PBXProject section */
		F8D3ADC1281A1107006E2CEE /* Project object */ = {
			isa = PBXProject;
			attributes = {
				BuildIndependentTargetsInParallel = 1;
				LastSwiftUpdateCheck = 1320;
				LastUpgradeCheck = 1320;
				TargetAttributes = {
					F8D3ADC8281A1107006E2CEE = {
						CreatedOnToolsVersion = 13.2.1;
					};
				};
			};
			buildConfigurationList = F8D3ADC4281A1107006E2CEE /* Build configuration list for PBXProject "Swift-Code-Rest-API" */;
			compatibilityVersion = "Xcode 13.0";
			developmentRegion = en;
			hasScannedForEncodings = 0;
			knownRegions = (
				en,
				Base,
			);
			mainGroup = F8D3ADC0281A1107006E2CEE;
			productRefGroup = F8D3ADCA281A1107006E2CEE /* Products */;
			projectDirPath = "";
			projectRoot = "";
			targets = (
				F8D3ADC8281A1107006E2CEE /* Swift-Code-Rest-API */,
			);
		};
/* End PBXProject section */

/* Begin PBXResourcesBuildPhase section */
		F8D3ADC7281A1107006E2CEE /* Resources */ = {
			isa = PBXResourcesBuildPhase;
			buildActionMask = 2147483647;
			files = (
				F8D3ADD9281A1108006E2CEE /* LaunchScreen.storyboard in Resources */,
				F8D3ADD6281A1108006E2CEE /* Assets.xcassets in Resources */,
				F8126601281A24EA0096CEB5 /* Main.storyboard in Resources */,
			);
			runOnlyForDeploymentPostprocessing = 0;
		};
/* End PBXResourcesBuildPhase section */

/* Begin PBXSourcesBuildPhase section */
		F8D3ADC5281A1107006E2CEE /* Sources */ = {
			isa = PBXSourcesBuildPhase;
			buildActionMask = 2147483647;
			files = (
				F8D3ADD1281A1107006E2CEE /* ViewController.swift in Sources */,
				F8D3ADE3281A12E6006E2CEE /* ApiService.swift in Sources */,
				F8D3ADE7281A208A006E2CEE /* MovieTableViewCell.swift in Sources */,
				F8126608281A26D20096CEB5 /* MovieViewController.swift in Sources */,
				F8D3ADCD281A1107006E2CEE /* AppDelegate.swift in Sources */,
				F8D3ADCF281A1107006E2CEE /* SceneDelegate.swift in Sources */,
				F8D3ADE1281A114E006E2CEE /* Model.swift in Sources */,
				F8D3ADE5281A17FD006E2CEE /* MovieViewModel.swift in Sources */,
			);
			runOnlyForDeploymentPostprocessing = 0;
		};
/* End PBXSourcesBuildPhase section */

/* Begin PBXVariantGroup section */
		F8D3ADD7281A1108006E2CEE /* LaunchScreen.storyboard */ = {
			isa = PBXVariantGroup;
			children = (
				F8D3ADD8281A1108006E2CEE /* Base */,
			);
			name = LaunchScreen.storyboard;
			sourceTree = "<group>";
		};
/* End PBXVariantGroup section */

/* Begin XCBuildConfiguration section */
		F8D3ADDB281A1108006E2CEE /* Debug */ = {
			isa = XCBuildConfiguration;
			buildSettings = {
				ALWAYS_SEARCH_USER_PATHS = NO;
				CLANG_ANALYZER_NONNULL = YES;
				CLANG_ANALYZER_NUMBER_OBJECT_CONVERSION = YES_AGGRESSIVE;
				CLANG_CXX_LANGUAGE_STANDARD = "gnu++17";
				CLANG_CXX_LIBRARY = "libc++";
				CLANG_ENABLE_MODULES = YES;
				CLANG_ENABLE_OBJC_ARC = YES;
				CLANG_ENABLE_OBJC_WEAK = YES;
				CLANG_WARN_BLOCK_CAPTURE_AUTORELEASING = YES;
				CLANG_WARN_BOOL_CONVERSION = YES;
				CLANG_WARN_COMMA = YES;
				CLANG_WARN_CONSTANT_CONVERSION = YES;
				CLANG_WARN_DEPRECATED_OBJC_IMPLEMENTATIONS = YES;
				CLANG_WARN_DIRECT_OBJC_ISA_USAGE = YES_ERROR;
				CLANG_WARN_DOCUMENTATION_COMMENTS = YES;
				CLANG_WARN_EMPTY_BODY = YES;
				CLANG_WARN_ENUM_CONVERSION = YES;
				CLANG_WARN_INFINITE_RECURSION = YES;
				CLANG_WARN_INT_CONVERSION = YES;
				CLANG_WARN_NON_LITERAL_NULL_CONVERSION = YES;
				CLANG_WARN_OBJC_IMPLICIT_RETAIN_SELF = YES;
				CLANG_WARN_OBJC_LITERAL_CONVERSION = YES;
				CLANG_WARN_OBJC_ROOT_CLASS = YES_ERROR;
				CLANG_WARN_QUOTED_INCLUDE_IN_FRAMEWORK_HEADER = YES;
				CLANG_WARN_RANGE_LOOP_ANALYSIS = YES;
				CLANG_WARN_STRICT_PROTOTYPES = YES;
				CLANG_WARN_SUSPICIOUS_MOVE = YES;
				CLANG_WARN_UNGUARDED_AVAILABILITY = YES_AGGRESSIVE;
				CLANG_WARN_UNREACHABLE_CODE = YES;
				CLANG_WARN__DUPLICATE_METHOD_MATCH = YES;
				COPY_PHASE_STRIP = NO;
				DEBUG_INFORMATION_FORMAT = dwarf;
				ENABLE_STRICT_OBJC_MSGSEND = YES;
				ENABLE_TESTABILITY = YES;
				GCC_C_LANGUAGE_STANDARD = gnu11;
				GCC_DYNAMIC_NO_PIC = NO;
				GCC_NO_COMMON_BLOCKS = YES;
				GCC_OPTIMIZATION_LEVEL = 0;
				GCC_PREPROCESSOR_DEFINITIONS = (
					"DEBUG=1",
					"$(inherited)",
				);
				GCC_WARN_64_TO_32_BIT_CONVERSION = YES;
				GCC_WARN_ABOUT_RETURN_TYPE = YES_ERROR;
				GCC_WARN_UNDECLARED_SELECTOR = YES;
				GCC_WARN_UNINITIALIZED_AUTOS = YES_AGGRESSIVE;
				GCC_WARN_UNUSED_FUNCTION = YES;
				GCC_WARN_UNUSED_VARIABLE = YES;
				IPHONEOS_DEPLOYMENT_TARGET = 15.2;
				MTL_ENABLE_DEBUG_INFO = INCLUDE_SOURCE;
				MTL_FAST_MATH = YES;
				ONLY_ACTIVE_ARCH = YES;
				SDKROOT = iphoneos;
				SWIFT_ACTIVE_COMPILATION_CONDITIONS = DEBUG;
				SWIFT_OPTIMIZATION_LEVEL = "-Onone";
			};
			name = Debug;
		};
		F8D3ADDC281A1108006E2CEE /* Release */ = {
			isa = XCBuildConfiguration;
			buildSettings = {
				ALWAYS_SEARCH_USER_PATHS = NO;
				CLANG_ANALYZER_NONNULL = YES;
				CLANG_ANALYZER_NUMBER_OBJECT_CONVERSION = YES_AGGRESSIVE;
				CLANG_CXX_LANGUAGE_STANDARD = "gnu++17";
				CLANG_CXX_LIBRARY = "libc++";
				CLANG_ENABLE_MODULES = YES;
				CLANG_ENABLE_OBJC_ARC = YES;
				CLANG_ENABLE_OBJC_WEAK = YES;
				CLANG_WARN_BLOCK_CAPTURE_AUTORELEASING = YES;
				CLANG_WARN_BOOL_CONVERSION = YES;
				CLANG_WARN_COMMA = YES;
				CLANG_WARN_CONSTANT_CONVERSION = YES;
				CLANG_WARN_DEPRECATED_OBJC_IMPLEMENTATIONS = YES;
				CLANG_WARN_DIRECT_OBJC_ISA_USAGE = YES_ERROR;
				CLANG_WARN_DOCUMENTATION_COMMENTS = YES;
				CLANG_WARN_EMPTY_BODY = YES;
				CLANG_WARN_ENUM_CONVERSION = YES;
				CLANG_WARN_INFINITE_RECURSION = YES;
				CLANG_WARN_INT_CONVERSION = YES;
				CLANG_WARN_NON_LITERAL_NULL_CONVERSION = YES;
				CLANG_WARN_OBJC_IMPLICIT_RETAIN_SELF = YES;
				CLANG_WARN_OBJC_LITERAL_CONVERSION = YES;
				CLANG_WARN_OBJC_ROOT_CLASS = YES_ERROR;
				CLANG_WARN_QUOTED_INCLUDE_IN_FRAMEWORK_HEADER = YES;
				CLANG_WARN_RANGE_LOOP_ANALYSIS = YES;
				CLANG_WARN_STRICT_PROTOTYPES = YES;
				CLANG_WARN_SUSPICIOUS_MOVE = YES;
				CLANG_WARN_UNGUARDED_AVAILABILITY = YES_AGGRESSIVE;
				CLANG_WARN_UNREACHABLE_CODE = YES;
				CLANG_WARN__DUPLICATE_METHOD_MATCH = YES;
				COPY_PHASE_STRIP = NO;
				DEBUG_INFORMATION_FORMAT = "dwarf-with-dsym";
				ENABLE_NS_ASSERTIONS = NO;
				ENABLE_STRICT_OBJC_MSGSEND = YES;
				GCC_C_LANGUAGE_STANDARD = gnu11;
				GCC_NO_COMMON_BLOCKS = YES;
				GCC_WARN_64_TO_32_BIT_CONVERSION = YES;
				GCC_WARN_ABOUT_RETURN_TYPE = YES_ERROR;
				GCC_WARN_UNDECLARED_SELECTOR = YES;
				GCC_WARN_UNINITIALIZED_AUTOS = YES_AGGRESSIVE;
				GCC_WARN_UNUSED_FUNCTION = YES;
				GCC_WARN_UNUSED_VARIABLE = YES;
				IPHONEOS_DEPLOYMENT_TARGET = 15.2;
				MTL_ENABLE_DEBUG_INFO = NO;
				MTL_FAST_MATH = YES;
				SDKROOT = iphoneos;
				SWIFT_COMPILATION_MODE = wholemodule;
				SWIFT_OPTIMIZATION_LEVEL = "-O";
				VALIDATE_PRODUCT = YES;
			};
			name = Release;
		};
		F8D3ADDE281A1108006E2CEE /* Debug */ = {
			isa = XCBuildConfiguration;
			buildSettings = {
				ASSETCATALOG_COMPILER_APPICON_NAME = AppIcon;
				ASSETCATALOG_COMPILER_GLOBAL_ACCENT_COLOR_NAME = AccentColor;
				CODE_SIGN_STYLE = Automatic;
				CURRENT_PROJECT_VERSION = 1;
				DEVELOPMENT_TEAM = UUW7T38LGA;
				GENERATE_INFOPLIST_FILE = YES;
				INFOPLIST_FILE = "Swift-Code-Rest-API/Info.plist";
				INFOPLIST_KEY_UIApplicationSupportsIndirectInputEvents = YES;
				INFOPLIST_KEY_UILaunchStoryboardName = LaunchScreen;
				INFOPLIST_KEY_UIMainStoryboardFile = Main;
				INFOPLIST_KEY_UISupportedInterfaceOrientations_iPad = "UIInterfaceOrientationPortrait UIInterfaceOrientationPortraitUpsideDown UIInterfaceOrientationLandscapeLeft UIInterfaceOrientationLandscapeRight";
				INFOPLIST_KEY_UISupportedInterfaceOrientations_iPhone = "UIInterfaceOrientationPortrait UIInterfaceOrientationLandscapeLeft UIInterfaceOrientationLandscapeRight";
				LD_RUNPATH_SEARCH_PATHS = (
					"$(inherited)",
					"@executable_path/Frameworks",
				);
				MARKETING_VERSION = 1.0;
				PRODUCT_BUNDLE_IDENTIFIER = "Emulador-iPhone.Swift-Code-Rest-API";
				PRODUCT_NAME = "$(TARGET_NAME)";
				SWIFT_EMIT_LOC_STRINGS = YES;
				SWIFT_VERSION = 5.0;
				TARGETED_DEVICE_FAMILY = "1,2";
			};
			name = Debug;
		};
		F8D3ADDF281A1108006E2CEE /* Release */ = {
			isa = XCBuildConfiguration;
			buildSettings = {
				ASSETCATALOG_COMPILER_APPICON_NAME = AppIcon;
				ASSETCATALOG_COMPILER_GLOBAL_ACCENT_COLOR_NAME = AccentColor;
				CODE_SIGN_STYLE = Automatic;
				CURRENT_PROJECT_VERSION = 1;
				DEVELOPMENT_TEAM = UUW7T38LGA;
				GENERATE_INFOPLIST_FILE = YES;
				INFOPLIST_FILE = "Swift-Code-Rest-API/Info.plist";
				INFOPLIST_KEY_UIApplicationSupportsIndirectInputEvents = YES;
				INFOPLIST_KEY_UILaunchStoryboardName = LaunchScreen;
				INFOPLIST_KEY_UIMainStoryboardFile = Main;
				INFOPLIST_KEY_UISupportedInterfaceOrientations_iPad = "UIInterfaceOrientationPortrait UIInterfaceOrientationPortraitUpsideDown UIInterfaceOrientationLandscapeLeft UIInterfaceOrientationLandscapeRight";
				INFOPLIST_KEY_UISupportedInterfaceOrientations_iPhone = "UIInterfaceOrientationPortrait UIInterfaceOrientationLandscapeLeft UIInterfaceOrientationLandscapeRight";
				LD_RUNPATH_SEARCH_PATHS = (
					"$(inherited)",
					"@executable_path/Frameworks",
				);
				MARKETING_VERSION = 1.0;
				PRODUCT_BUNDLE_IDENTIFIER = "Emulador-iPhone.Swift-Code-Rest-API";
				PRODUCT_NAME = "$(TARGET_NAME)";
				SWIFT_EMIT_LOC_STRINGS = YES;
				SWIFT_VERSION = 5.0;
				TARGETED_DEVICE_FAMILY = "1,2";
			};
			name = Release;
		};
/* End XCBuildConfiguration section */

/* Begin XCConfigurationList section */
		F8D3ADC4281A1107006E2CEE /* Build configuration list for PBXProject "Swift-Code-Rest-API" */ = {
			isa = XCConfigurationList;
			buildConfigurations = (
				F8D3ADDB281A1108006E2CEE /* Debug */,
				F8D3ADDC281A1108006E2CEE /* Release */,
			);
			defaultConfigurationIsVisible = 0;
			defaultConfigurationName = Release;
		};
		F8D3ADDD281A1108006E2CEE /* Build configuration list for PBXNativeTarget "Swift-Code-Rest-API" */ = {
			isa = XCConfigurationList;
			buildConfigurations = (
				F8D3ADDE281A1108006E2CEE /* Debug */,
				F8D3ADDF281A1108006E2CEE /* Release */,
			);
			defaultConfigurationIsVisible = 0;
			defaultConfigurationName = Release;
		};
/* End XCConfigurationList section */
	};
	rootObject = F8D3ADC1281A1107006E2CEE /* Project object */;
}
